PODS:
  - Flutter (1.0.0)
  - package_info_plus (0.4.5):
    - Flutter
  - Sentry/HybridSDK (8.58.4)
  - sentry_flutter (9.30.1):
    - Flutter
    - FlutterMacOS
    - Sentry/HybridSDK (= 8.58.4)

DEPENDENCIES:
  - Flutter (from `Flutter`)
  - package_info_plus (from `.symlinks/plugins/package_info_plus/ios`)
  - sentry_flutter (from `.symlinks/plugins/sentry_flutter/ios`)

SPEC REPOS:
  trunk:
    - Sentry

EXTERNAL SOURCES:
  Flutter:
    :path: Flutter
  package_info_plus:
    :path: ".symlinks/plugins/package_info_plus/ios"
  sentry_flutter:
    :path: ".symlinks/plugins/sentry_flutter/ios"

SPEC CHECKSUMS:
  Flutter: 71a624a5bc0c04062bf19101d501e466baf2fb47
  package_info_plus: af8e2ca6888548050f16fa2f1938db7b5a5df499
  Sentry: 5321d74bdd28d6f6f8beaa1ca06f1fdc746bff49
  sentry_flutter: c89c731736fabbbac53a4714df8ba0d21ba4100d

PODFILE CHECKSUM: f1fdcf320e91119e9c61c293952dbb2232175c7b

COCOAPODS: 1.16.2
